// !$*UTF8*$!
{
	archiveVersion = 1;
	classes = {
	};
	objectVersion = 46;
	objects = {

/* Begin PBXBuildFile section */
		A31627131B43E92A00C9C845 /* main.m in Sources */ = {isa = PBXBuildFile; fileRef = A31627121B43E92A00C9C845 /* main.m */; };
		A31627161B43E92A00C9C845 /* AppDelegate.m in Sources */ = {isa = PBXBuildFile; fileRef = A31627151B43E92A00C9C845 /* AppDelegate.m */; };
		A316271E1B43E92A00C9C845 /* Images.xcassets in Resources */ = {isa = PBXBuildFile; fileRef = A316271D1B43E92A00C9C845 /* Images.xcassets */; };
		A31627211B43E92A00C9C845 /* LaunchScreen.xib in Resources */ = {isa = PBXBuildFile; fileRef = A316271F1B43E92A00C9C845 /* LaunchScreen.xib */; };
		A316272D1B43E92A00C9C845 /* XHWeather_V2Tests.m in Sources */ = {isa = PBXBuildFile; fileRef = A316272C1B43E92A00C9C845 /* XHWeather_V2Tests.m */; };
		A31627391B43E9C800C9C845 /* XHWeather.m in Sources */ = {isa = PBXBuildFile; fileRef = A31627381B43E9C800C9C845 /* XHWeather.m */; };
		A31627401B43EA8300C9C845 /* XHHeaderView.m in Sources */ = {isa = PBXBuildFile; fileRef = A316273F1B43EA8300C9C845 /* XHHeaderView.m */; };
/* End PBXBuildFile section */

/* Begin PBXContainerItemProxy section */
		A31627271B43E92A00C9C845 /* PBXContainerItemProxy */ = {
			isa = PBXContainerItemProxy;
			containerPortal = A31627051B43E92A00C9C845 /* Project object */;
			proxyType = 1;
			remoteGlobalIDString = A316270C1B43E92A00C9C845;
			remoteInfo = "XHWeather-V2";
		};
/* End PBXContainerItemProxy section */

/* Begin PBXFileReference section */
		A316270D1B43E92A00C9C845 /* XHWeather-V2.app */ = {isa = PBXFileReference; explicitFileType = wrapper.application; includeInIndex = 0; path = "XHWeather-V2.app"; sourceTree = BUILT_PRODUCTS_DIR; };
		A31627111B43E92A00C9C845 /* Info.plist */ = {isa = PBXFileReference; lastKnownFileType = text.plist.xml; path = Info.plist; sourceTree = "<group>"; };
		A31627121B43E92A00C9C845 /* main.m */ = {isa = PBXFileReference; lastKnownFileType = sourcecode.c.objc; path = main.m; sourceTree = "<group>"; };
		A31627141B43E92A00C9C845 /* AppDelegate.h */ = {isa = PBXFileReference; lastKnownFileType = sourcecode.c.h; path = AppDelegate.h; sourceTree = "<group>"; };
		A31627151B43E92A00C9C845 /* AppDelegate.m */ = {isa = PBXFileReference; lastKnownFileType = sourcecode.c.objc; path = AppDelegate.m; sourceTree = "<group>"; };
		A316271D1B43E92A00C9C845 /* Images.xcassets */ = {isa = PBXFileReference; lastKnownFileType = folder.assetcatalog; path = Images.xcassets; sourceTree = "<group>"; };
		A31627201B43E92A00C9C845 /* Base */ = {isa = PBXFileReference; lastKnownFileType = file.xib; name = Base; path = Base.lproj/LaunchScreen.xib; sourceTree = "<group>"; };
		A31627261B43E92A00C9C845 /* XHWeather-V2Tests.xctest */ = {isa = PBXFileReference; explicitFileType = wrapper.cfbundle; includeInIndex = 0; path = "XHWeather-V2Tests.xctest"; sourceTree = BUILT_PRODUCTS_DIR; };
		A316272B1B43E92A00C9C845 /* Info.plist */ = {isa = PBXFileReference; lastKnownFileType = text.plist.xml; path = Info.plist; sourceTree = "<group>"; };
		A316272C1B43E92A00C9C845 /* XHWeather_V2Tests.m */ = {isa = PBXFileReference; lastKnownFileType = sourcecode.c.objc; path = XHWeather_V2Tests.m; sourceTree = "<group>"; };
		A31627371B43E9C800C9C845 /* XHWeather.h */ = {isa = PBXFileReference; fileEncoding = 4; lastKnownFileType = sourcecode.c.h; path = XHWeather.h; sourceTree = "<group>"; };
		A31627381B43E9C800C9C845 /* XHWeather.m */ = {isa = PBXFileReference; fileEncoding = 4; lastKnownFileType = sourcecode.c.objc; path = XHWeather.m; sourceTree = "<group>"; };
		A316273E1B43EA8300C9C845 /* XHHeaderView.h */ = {isa = PBXFileReference; fileEncoding = 4; lastKnownFileType = sourcecode.c.h; path = XHHeaderView.h; sourceTree = "<group>"; };
		A316273F1B43EA8300C9C845 /* XHHeaderView.m */ = {isa = PBXFileReference; fileEncoding = 4; lastKnownFileType = sourcecode.c.objc; path = XHHeaderView.m; sourceTree = "<group>"; };
/* End PBXFileReference section */

/* Begin PBXFrameworksBuildPhase section */
		A316270A1B43E92A00C9C845 /* Frameworks */ = {
			isa = PBXFrameworksBuildPhase;
			buildActionMask = 2147483647;
			files = (
			);
			runOnlyForDeploymentPostprocessing = 0;
		};
		A31627231B43E92A00C9C845 /* Frameworks */ = {
			isa = PBXFrameworksBuildPhase;
			buildActionMask = 2147483647;
			files = (
			);
			runOnlyForDeploymentPostprocessing = 0;
		};
/* End PBXFrameworksBuildPhase section */

/* Begin PBXGroup section */
		A31627041B43E92A00C9C845 = {
			isa = PBXGroup;
			children = (
				A316270F1B43E92A00C9C845 /* XHWeather-V2 */,
				A31627291B43E92A00C9C845 /* XHWeather-V2Tests */,
				A316270E1B43E92A00C9C845 /* Products */,
			);
			sourceTree = "<group>";
		};
		A316270E1B43E92A00C9C845 /* Products */ = {
			isa = PBXGroup;
			children = (
				A316270D1B43E92A00C9C845 /* XHWeather-V2.app */,
				A31627261B43E92A00C9C845 /* XHWeather-V2Tests.xctest */,
			);
			name = Products;
			sourceTree = "<group>";
		};
		A316270F1B43E92A00C9C845 /* XHWeather-V2 */ = {
			isa = PBXGroup;
			children = (
				A316273A1B43EA1E00C9C845 /* View */,
				A31627361B43E94600C9C845 /* Modle */,
				A31627141B43E92A00C9C845 /* AppDelegate.h */,
				A31627151B43E92A00C9C845 /* AppDelegate.m */,
				A316271D1B43E92A00C9C845 /* Images.xcassets */,
				A316271F1B43E92A00C9C845 /* LaunchScreen.xib */,
				A31627101B43E92A00C9C845 /* Supporting Files */,
			);
			path = "XHWeather-V2";
			sourceTree = "<group>";
		};
		A31627101B43E92A00C9C845 /* Supporting Files */ = {
			isa = PBXGroup;
			children = (
				A31627111B43E92A00C9C845 /* Info.plist */,
				A31627121B43E92A00C9C845 /* main.m */,
			);
			name = "Supporting Files";
			sourceTree = "<group>";
		};
		A31627291B43E92A00C9C845 /* XHWeather-V2Tests */ = {
			isa = PBXGroup;
			children = (
				A316272C1B43E92A00C9C845 /* XHWeather_V2Tests.m */,
				A316272A1B43E92A00C9C845 /* Supporting Files */,
			);
			path = "XHWeather-V2Tests";
			sourceTree = "<group>";
		};
		A316272A1B43E92A00C9C845 /* Supporting Files */ = {
			isa = PBXGroup;
			children = (
				A316272B1B43E92A00C9C845 /* Info.plist */,
			);
			name = "Supporting Files";
			sourceTree = "<group>";
		};
		A31627361B43E94600C9C845 /* Modle */ = {
			isa = PBXGroup;
			children = (
				A31627371B43E9C800C9C845 /* XHWeather.h */,
				A31627381B43E9C800C9C845 /* XHWeather.m */,
			);
			name = Modle;
			sourceTree = "<group>";
		};
		A316273A1B43EA1E00C9C845 /* View */ = {
			isa = PBXGroup;
			children = (
				A316273E1B43EA8300C9C845 /* XHHeaderView.h */,
				A316273F1B43EA8300C9C845 /* XHHeaderView.m */,
			);
			name = View;
			sourceTree = "<group>";
		};
/* End PBXGroup section */

/* Begin PBXNativeTarget section */
		A316270C1B43E92A00C9C845 /* XHWeather-V2 */ = {
			isa = PBXNativeTarget;
			buildConfigurationList = A31627301B43E92A00C9C845 /* Build configuration list for PBXNativeTarget "XHWeather-V2" */;
			buildPhases = (
				A31627091B43E92A00C9C845 /* Sources */,
				A316270A1B43E92A00C9C845 /* Frameworks */,
				A316270B1B43E92A00C9C845 /* Resources */,
			);
			buildRules = (
			);
			dependencies = (
			);
			name = "XHWeather-V2";
			productName = "XHWeather-V2";
			productReference = A316270D1B43E92A00C9C845 /* XHWeather-V2.app */;
			productType = "com.apple.product-type.application";
		};
		A31627251B43E92A00C9C845 /* XHWeather-V2Tests */ = {
			isa = PBXNativeTarget;
			buildConfigurationList = A31627331B43E92A00C9C845 /* Build configuration list for PBXNativeTarget "XHWeather-V2Tests" */;
			buildPhases = (
				A31627221B43E92A00C9C845 /* Sources */,
				A31627231B43E92A00C9C845 /* Frameworks */,
				A31627241B43E92A00C9C845 /* Resources */,
			);
			buildRules = (
			);
			dependencies = (
				A31627281B43E92A00C9C845 /* PBXTargetDependency */,
			);
			name = "XHWeather-V2Tests";
			productName = "XHWeather-V2Tests";
			productReference = A31627261B43E92A00C9C845 /* XHWeather-V2Tests.xctest */;
			productType = "com.apple.product-type.bundle.unit-test";
		};
/* End PBXNativeTarget section */

/* Begin PBXProject section */
		A31627051B43E92A00C9C845 /* Project object */ = {
			isa = PBXProject;
			attributes = {
				LastUpgradeCheck = 0610;
				ORGANIZATIONNAME = wxh;
				TargetAttributes = {
					A316270C1B43E92A00C9C845 = {
						CreatedOnToolsVersion = 6.1;
					};
					A31627251B43E92A00C9C845 = {
						CreatedOnToolsVersion = 6.1;
						TestTargetID = A316270C1B43E92A00C9C845;
					};
				};
			};
			buildConfigurationList = A31627081B43E92A00C9C845 /* Build configuration list for PBXProject "XHWeather-V2" */;
			compatibilityVersion = "Xcode 3.2";
			developmentRegion = English;
			hasScannedForEncodings = 0;
			knownRegions = (
				en,
				Base,
			);
			mainGroup = A31627041B43E92A00C9C845;
			productRefGroup = A316270E1B43E92A00C9C845 /* Products */;
			projectDirPath = "";
			projectRoot = "";
			targets = (
				A316270C1B43E92A00C9C845 /* XHWeather-V2 */,
				A31627251B43E92A00C9C845 /* XHWeather-V2Tests */,
			);
		};
/* End PBXProject section */

/* Begin PBXResourcesBuildPhase section */
		A316270B1B43E92A00C9C845 /* Resources */ = {
			isa = PBXResourcesBuildPhase;
			buildActionMask = 2147483647;
			files = (
				A31627211B43E92A00C9C845 /* LaunchScreen.xib in Resources */,
				A316271E1B43E92A00C9C845 /* Images.xcassets in Resources */,
			);
			runOnlyForDeploymentPostprocessing = 0;
		};
		A31627241B43E92A00C9C845 /* Resources */ = {
			isa = PBXResourcesBuildPhase;
			buildActionMask = 2147483647;
			files = (
			);
			runOnlyForDeploymentPostprocessing = 0;
		};
/* End PBXResourcesBuildPhase section */

/* Begin PBXSourcesBuildPhase section */
		A31627091B43E92A00C9C845 /* Sources */ = {
			isa = PBXSourcesBuildPhase;
			buildActionMask = 2147483647;
			files = (
				A31627161B43E92A00C9C845 /* AppDelegate.m in Sources */,
				A31627401B43EA8300C9C845 /* XHHeaderView.m in Sources */,
				A31627391B43E9C800C9C845 /* XHWeather.m in Sources */,
				A31627131B43E92A00C9C845 /* main.m in Sources */,
			);
			runOnlyForDeploymentPostprocessing = 0;
		};
		A31627221B43E92A00C9C845 /* Sources */ = {
			isa = PBXSourcesBuildPhase;
			buildActionMask = 2147483647;
			files = (
				A316272D1B43E92A00C9C845 /* XHWeather_V2Tests.m in Sources */,
			);
			runOnlyForDeploymentPostprocessing = 0;
		};
/* End PBXSourcesBuildPhase section */

/* Begin PBXTargetDependency section */
		A31627281B43E92A00C9C845 /* PBXTargetDependency */ = {
			isa = PBXTargetDependency;
			target = A316270C1B43E92A00C9C845 /* XHWeather-V2 */;
			targetProxy = A31627271B43E92A00C9C845 /* PBXContainerItemProxy */;
		};
/* End PBXTargetDependency section */

/* Begin PBXVariantGroup section */
		A316271F1B43E92A00C9C845 /* LaunchScreen.xib */ = {
			isa = PBXVariantGroup;
			children = (
				A31627201B43E92A00C9C845 /* Base */,
			);
			name = LaunchScreen.xib;
			sourceTree = "<group>";
		};
/* End PBXVariantGroup section */

/* Begin XCBuildConfiguration section */
		A316272E1B43E92A00C9C845 /* Debug */ = {
			isa = XCBuildConfiguration;
			buildSettings = {
				ALWAYS_SEARCH_USER_PATHS = NO;
				CLANG_CXX_LANGUAGE_STANDARD = "gnu++0x";
				CLANG_CXX_LIBRARY = "libc++";
				CLANG_ENABLE_MODULES = YES;
				CLANG_ENABLE_OBJC_ARC = YES;
				CLANG_WARN_BOOL_CONVERSION = YES;
				CLANG_WARN_CONSTANT_CONVERSION = YES;
				CLANG_WARN_DIRECT_OBJC_ISA_USAGE = YES_ERROR;
				CLANG_WARN_EMPTY_BODY = YES;
				CLANG_WARN_ENUM_CONVERSION = YES;
				CLANG_WARN_INT_CONVERSION = YES;
				CLANG_WARN_OBJC_ROOT_CLASS = YES_ERROR;
				CLANG_WARN_UNREACHABLE_CODE = YES;
				CLANG_WARN__DUPLICATE_METHOD_MATCH = YES;
				"CODE_SIGN_IDENTITY[sdk=iphoneos*]" = "iPhone Developer";
				COPY_PHASE_STRIP = NO;
				ENABLE_STRICT_OBJC_MSGSEND = YES;
				GCC_C_LANGUAGE_STANDARD = gnu99;
				GCC_DYNAMIC_NO_PIC = NO;
				GCC_OPTIMIZATION_LEVEL = 0;
				GCC_PREPROCESSOR_DEFINITIONS = (
					"DEBUG=1",
					"$(inherited)",
				);
				GCC_SYMBOLS_PRIVATE_EXTERN = NO;
				GCC_WARN_64_TO_32_BIT_CONVERSION = YES;
				GCC_WARN_ABOUT_RETURN_TYPE = YES_ERROR;
				GCC_WARN_UNDECLARED_SELECTOR = YES;
				GCC_WARN_UNINITIALIZED_AUTOS = YES_AGGRESSIVE;
				GCC_WARN_UNUSED_FUNCTION = YES;
				GCC_WARN_UNUSED_VARIABLE = YES;
				IPHONEOS_DEPLOYMENT_TARGET = 8.1;
				MTL_ENABLE_DEBUG_INFO = YES;
				ONLY_ACTIVE_ARCH = YES;
				SDKROOT = iphoneos;
			};
			name = Debug;
		};
		A316272F1B43E92A00C9C845 /* Release */ = {
			isa = XCBuildConfiguration;
			buildSettings = {
				ALWAYS_SEARCH_USER_PATHS = NO;
				CLANG_CXX_LANGUAGE_STANDARD = "gnu++0x";
				CLANG_CXX_LIBRARY = "libc++";
				CLANG_ENABLE_MODULES = YES;
				CLANG_ENABLE_OBJC_ARC = YES;
				CLANG_WARN_BOOL_CONVERSION = YES;
				CLANG_WARN_CONSTANT_CONVERSION = YES;
				CLANG_WARN_DIRECT_OBJC_ISA_USAGE = YES_ERROR;
				CLANG_WARN_EMPTY_BODY = YES;
				CLANG_WARN_ENUM_CONVERSION = YES;
				CLANG_WARN_INT_CONVERSION = YES;
				CLANG_WARN_OBJC_ROOT_CLASS = YES_ERROR;
				CLANG_WARN_UNREACHABLE_CODE = YES;
				CLANG_WARN__DUPLICATE_METHOD_MATCH = YES;
				"CODE_SIGN_IDENTITY[sdk=iphoneos*]" = "iPhone Developer";
				COPY_PHASE_STRIP = YES;
				ENABLE_NS_ASSERTIONS = NO;
				ENABLE_STRICT_OBJC_MSGSEND = YES;
				GCC_C_LANGUAGE_STANDARD = gnu99;
				GCC_WARN_64_TO_32_BIT_CONVERSION = YES;
				GCC_WARN_ABOUT_RETURN_TYPE = YES_ERROR;
				GCC_WARN_UNDECLARED_SELECTOR = YES;
				GCC_WARN_UNINITIALIZED_AUTOS = YES_AGGRESSIVE;
				GCC_WARN_UNUSED_FUNCTION = YES;
				GCC_WARN_UNUSED_VARIABLE = YES;
				IPHONEOS_DEPLOYMENT_TARGET = 8.1;
				MTL_ENABLE_DEBUG_INFO = NO;
				SDKROOT = iphoneos;
				VALIDATE_PRODUCT = YES;
			};
			name = Release;
		};
		A31627311B43E92A00C9C845 /* Debug */ = {
			isa = XCBuildConfiguration;
			buildSettings = {
				ASSETCATALOG_COMPILER_APPICON_NAME = AppIcon;
				INFOPLIST_FILE = "XHWeather-V2/Info.plist";
				LD_RUNPATH_SEARCH_PATHS = "$(inherited) @executable_path/Frameworks";
				PRODUCT_NAME = "$(TARGET_NAME)";
			};
			name = Debug;
		};
		A31627321B43E92A00C9C845 /* Release */ = {
			isa = XCBuildConfiguration;
			buildSettings = {
				ASSETCATALOG_COMPILER_APPICON_NAME = AppIcon;
				INFOPLIST_FILE = "XHWeather-V2/Info.plist";
				LD_RUNPATH_SEARCH_PATHS = "$(inherited) @executable_path/Frameworks";
				PRODUCT_NAME = "$(TARGET_NAME)";
			};
			name = Release;
		};
		A31627341B43E92A00C9C845 /* Debug */ = {
			isa = XCBuildConfiguration;
			buildSettings = {
				BUNDLE_LOADER = "$(TEST_HOST)";
				FRAMEWORK_SEARCH_PATHS = (
					"$(SDKROOT)/Developer/Library/Frameworks",
					"$(inherited)",
				);
				GCC_PREPROCESSOR_DEFINITIONS = (
					"DEBUG=1",
					"$(inherited)",
				);
				INFOPLIST_FILE = "XHWeather-V2Tests/Info.plist";
				LD_RUNPATH_SEARCH_PATHS = "$(inherited) @executable_path/Frameworks @loader_path/Frameworks";
				PRODUCT_NAME = "$(TARGET_NAME)";
				TEST_HOST = "$(BUILT_PRODUCTS_DIR)/XHWeather-V2.app/XHWeather-V2";
			};
			name = Debug;
		};
		A31627351B43E92A00C9C845 /* Release */ = {
			isa = XCBuildConfiguration;
			buildSettings = {
				BUNDLE_LOADER = "$(TEST_HOST)";
				FRAMEWORK_SEARCH_PATHS = (
					"$(SDKROOT)/Developer/Library/Frameworks",
					"$(inherited)",
				);
				INFOPLIST_FILE = "XHWeather-V2Tests/Info.plist";
				LD_RUNPATH_SEARCH_PATHS = "$(inherited) @executable_path/Frameworks @loader_path/Frameworks";
				PRODUCT_NAME = "$(TARGET_NAME)";
				TEST_HOST = "$(BUILT_PRODUCTS_DIR)/XHWeather-V2.app/XHWeather-V2";
			};
			name = Release;
		};
/* End XCBuildConfiguration section */

/* Begin XCConfigurationList section */
		A31627081B43E92A00C9C845 /* Build configuration list for PBXProject "XHWeather-V2" */ = {
			isa = XCConfigurationList;
			buildConfigurations = (
				A316272E1B43E92A00C9C845 /* Debug */,
				A316272F1B43E92A00C9C845 /* Release */,
			);
			defaultConfigurationIsVisible = 0;
			defaultConfigurationName = Release;
		};
		A31627301B43E92A00C9C845 /* Build configuration list for PBXNativeTarget "XHWeather-V2" */ = {
			isa = XCConfigurationList;
			buildConfigurations = (
				A31627311B43E92A00C9C845 /* Debug */,
				A31627321B43E92A00C9C845 /* Release */,
			);
			defaultConfigurationIsVisible = 0;
		};
		A31627331B43E92A00C9C845 /* Build configuration list for PBXNativeTarget "XHWeather-V2Tests" */ = {
			isa = XCConfigurationList;
			buildConfigurations = (
				A31627341B43E92A00C9C845 /* Debug */,
				A31627351B43E92A00C9C845 /* Release */,
			);
			defaultConfigurationIsVisible = 0;
		};
/* End XCConfigurationList section */
	};
	rootObject = A31627051B43E92A00C9C845 /* Project object */;
}
